{
  "name": "demo",
  "lockfileVersion": 2,
  "requires": true,
  "packages": {
    "": {
      "dependencies": {
        "fullcalendar": "^5.11.0"
      }
    },
    "node_modules/fullcalendar": {
      "version": "5.11.0",
      "resolved": "https://registry.npmjs.org/fullcalendar/-/fullcalendar-5.11.0.tgz",
      "integrity": "sha512-R3yQMKJtP6jWZ3o9fNB0WUOl6Oi+vus3ciLtt3eva7ISutkMm6nE4lA+xhfTS3OIevxVQOv0O646R6G8o7sMXA=="
    }
  },
  "dependencies": {
    "fullcalendar": {
      "version": "5.11.0",
      "resolved": "https://registry.npmjs.org/fullcalendar/-/fullcalendar-5.11.0.tgz",
      "integrity": "sha512-R3yQMKJtP6jWZ3o9fNB0WUOl6Oi+vus3ciLtt3eva7ISutkMm6nE4lA+xhfTS3OIevxVQOv0O646R6G8o7sMXA=="
    }
  }
}
